PODS:
  - ListKit (0.1.0):
    - NetworkKit (~> 0.1)
  - NetworkKit (0.1.0)

DEPENDENCIES:
  - ListKit (from `../`)
  - NetworkKit (from `../../NetworkKit`)

EXTERNAL SOURCES:
  ListKit:
    :path: "../"
  NetworkKit:
    :path: "../../NetworkKit"

SPEC CHECKSUMS:
  ListKit: 41b4d7da8f028f80029b013bb22efd9990b928ef
  NetworkKit: 2dbb2ca30d3c8d8b8ab14d98e837588f4607b438

PODFILE CHECKSUM: a51a39f49c5b4c066559621f35296dbd6af14440

COCOAPODS: 1.6.0
