PODS:
  - CoreKit (0.1.0)
  - ListKit (0.1.0):
    - CoreKit (~> 0.1)
    - NetworkKit (~> 0.1)
  - NetworkKit (0.1.0)

DEPENDENCIES:
  - CoreKit (from `../../CoreKit`)
  - ListKit (from `../`)
  - NetworkKit (from `../../NetworkKit`)

EXTERNAL SOURCES:
  CoreKit:
    :path: "../../CoreKit"
  ListKit:
    :path: "../"
  NetworkKit:
    :path: "../../NetworkKit"

SPEC CHECKSUMS:
  CoreKit: dd3c2d75c6866df728f62002c1e8045ad40dd0cc
  ListKit: 4e8717b3237dac88c111bb27248701064f3ff695
  NetworkKit: 2dbb2ca30d3c8d8b8ab14d98e837588f4607b438

PODFILE CHECKSUM: 74285bb0059768a6e651446cb38a3e5b50886ad6

COCOAPODS: 1.6.0
